
Microsoft Visual Studio Solution File, Format Version 12.00
# Visual Studio Version 16
VisualStudioVersion = 16.0.30320.27
MinimumVisualStudioVersion = 10.0.40219.1
Project("{FAE04EC0-301F-11D3-BF4B-00C04F79EFBC}") = "Tic Tac Toe", "Tic Tac Toe\Tic Tac Toe.csproj", "{DE5783CA-7F76-4920-9743-38233DB24AB8}"
EndProject
Global
	GlobalSection(SolutionConfigurationPlatforms) = preSolution
		Debug|Any CPU = Debug|Any CPU
		Release|Any CPU = Release|Any CPU
	EndGlobalSection
	GlobalSection(ProjectConfigurationPlatforms) = postSolution
		{DE5783CA-7F76-4920-9743-38233DB24AB8}.Debug|Any CPU.ActiveCfg = Debug|Any CPU
		{DE5783CA-7F76-4920-9743-38233DB24AB8}.Debug|Any CPU.Build.0 = Debug|Any CPU
		{DE5783CA-7F76-4920-9743-38233DB24AB8}.Release|Any CPU.ActiveCfg = Release|Any CPU
		{DE5783CA-7F76-4920-9743-38233DB24AB8}.Release|Any CPU.Build.0 = Release|Any CPU
	EndGlobalSection
	GlobalSection(SolutionProperties) = preSolution
		HideSolutionNode = FALSE
	EndGlobalSection
	GlobalSection(ExtensibilityGlobals) = postSolution
		SolutionGuid = {355EA9E8-0DF2-412E-B728-4C1197B72DB9}
	EndGlobalSection
EndGlobal
